
Microsoft Visual Studio Solution File, Format Version 12.00
# Visual Studio Version 17
VisualStudioVersion = 17.5.33516.290
MinimumVisualStudioVersion = 10.0.40219.1
Project("{9A19103F-16F7-4668-BE54-9A1E7A4F7556}") = "ConsoleAppAula01", "ConsoleAppAula01\ConsoleAppAula01.csproj", "{DE17C8F9-7CD8-4988-8EAE-8D786C423690}"
EndProject
Project("{9A19103F-16F7-4668-BE54-9A1E7A4F7556}") = "ConsoleAppAula02", "ConsoleAppAula02\ConsoleAppAula02.csproj", "{4FEFA1A2-7ED8-41BC-99B0-2DC75FA36B2C}"
EndProject
Project("{9A19103F-16F7-4668-BE54-9A1E7A4F7556}") = "ConsoleAppAula03", "ConsoleAppAula03\ConsoleAppAula03.csproj", "{66DD4728-A291-4142-BB48-DAC492AE1795}"
EndProject
Project("{9A19103F-16F7-4668-BE54-9A1E7A4F7556}") = "ConsoleAppAula04", "ConsoleAppAula04\ConsoleAppAula04.csproj", "{C8E4199B-1D2E-4CBB-BBB5-8386372EB00D}"
EndProject
Project("{9A19103F-16F7-4668-BE54-9A1E7A4F7556}") = "ConsoleAppAula05", "ConsoleAppAula05\ConsoleAppAula05.csproj", "{B5548128-80D5-4EE8-8F85-D5BD81B03D72}"
EndProject
Project("{9A19103F-16F7-4668-BE54-9A1E7A4F7556}") = "ConsoleAppAula06", "ConsoleAppAula06\ConsoleAppAula06.csproj", "{10037664-A039-43AF-BE27-F40090D6EA67}"
EndProject
Project("{9A19103F-16F7-4668-BE54-9A1E7A4F7556}") = "ConsoleAppAula07", "ConsoleAppAula07\ConsoleAppAula07.csproj", "{C2ED3363-A7B3-43A4-BC59-738C561C7872}"
EndProject
Project("{9A19103F-16F7-4668-BE54-9A1E7A4F7556}") = "ConsoleAppAula08", "ConsoleAppAula08\ConsoleAppAula08.csproj", "{0C911350-41D7-483B-B46B-6C95431BA529}"
EndProject
Project("{9A19103F-16F7-4668-BE54-9A1E7A4F7556}") = "ConsoleAppAula09", "ConsoleAppAula09\ConsoleAppAula09.csproj", "{4ACAAD49-3FBF-4C65-A821-5FB887D63CAE}"
EndProject
Project("{9A19103F-16F7-4668-BE54-9A1E7A4F7556}") = "ConsoleAppAula10", "ConsoleAppAula10\ConsoleAppAula10.csproj", "{90142C51-281B-4662-80D4-E80378362AB2}"
EndProject
Project("{FAE04EC0-301F-11D3-BF4B-00C04F79EFBC}") = "ConsoleAppAula11Poo", "ConsoleAppAula11Poo\ConsoleAppAula11Poo.csproj", "{B1982B48-54F2-491D-9DEC-19173C7E8F6C}"
EndProject
Global
	GlobalSection(SolutionConfigurationPlatforms) = preSolution
		Debug|Any CPU = Debug|Any CPU
		Release|Any CPU = Release|Any CPU
	EndGlobalSection
	GlobalSection(ProjectConfigurationPlatforms) = postSolution
		{DE17C8F9-7CD8-4988-8EAE-8D786C423690}.Debug|Any CPU.ActiveCfg = Debug|Any CPU
		{DE17C8F9-7CD8-4988-8EAE-8D786C423690}.Debug|Any CPU.Build.0 = Debug|Any CPU
		{DE17C8F9-7CD8-4988-8EAE-8D786C423690}.Release|Any CPU.ActiveCfg = Release|Any CPU
		{DE17C8F9-7CD8-4988-8EAE-8D786C423690}.Release|Any CPU.Build.0 = Release|Any CPU
		{4FEFA1A2-7ED8-41BC-99B0-2DC75FA36B2C}.Debug|Any CPU.ActiveCfg = Debug|Any CPU
		{4FEFA1A2-7ED8-41BC-99B0-2DC75FA36B2C}.Debug|Any CPU.Build.0 = Debug|Any CPU
		{4FEFA1A2-7ED8-41BC-99B0-2DC75FA36B2C}.Release|Any CPU.ActiveCfg = Release|Any CPU
		{4FEFA1A2-7ED8-41BC-99B0-2DC75FA36B2C}.Release|Any CPU.Build.0 = Release|Any CPU
		{66DD4728-A291-4142-BB48-DAC492AE1795}.Debug|Any CPU.ActiveCfg = Debug|Any CPU
		{66DD4728-A291-4142-BB48-DAC492AE1795}.Debug|Any CPU.Build.0 = Debug|Any CPU
		{66DD4728-A291-4142-BB48-DAC492AE1795}.Release|Any CPU.ActiveCfg = Release|Any CPU
		{66DD4728-A291-4142-BB48-DAC492AE1795}.Release|Any CPU.Build.0 = Release|Any CPU
		{C8E4199B-1D2E-4CBB-BBB5-8386372EB00D}.Debug|Any CPU.ActiveCfg = Debug|Any CPU
		{C8E4199B-1D2E-4CBB-BBB5-8386372EB00D}.Debug|Any CPU.Build.0 = Debug|Any CPU
		{C8E4199B-1D2E-4CBB-BBB5-8386372EB00D}.Release|Any CPU.ActiveCfg = Release|Any CPU
		{C8E4199B-1D2E-4CBB-BBB5-8386372EB00D}.Release|Any CPU.Build.0 = Release|Any CPU
		{B5548128-80D5-4EE8-8F85-D5BD81B03D72}.Debug|Any CPU.ActiveCfg = Debug|Any CPU
		{B5548128-80D5-4EE8-8F85-D5BD81B03D72}.Debug|Any CPU.Build.0 = Debug|Any CPU
		{B5548128-80D5-4EE8-8F85-D5BD81B03D72}.Release|Any CPU.ActiveCfg = Release|Any CPU
		{B5548128-80D5-4EE8-8F85-D5BD81B03D72}.Release|Any CPU.Build.0 = Release|Any CPU
		{10037664-A039-43AF-BE27-F40090D6EA67}.Debug|Any CPU.ActiveCfg = Debug|Any CPU
		{10037664-A039-43AF-BE27-F40090D6EA67}.Debug|Any CPU.Build.0 = Debug|Any CPU
		{10037664-A039-43AF-BE27-F40090D6EA67}.Release|Any CPU.ActiveCfg = Release|Any CPU
		{10037664-A039-43AF-BE27-F40090D6EA67}.Release|Any CPU.Build.0 = Release|Any CPU
		{C2ED3363-A7B3-43A4-BC59-738C561C7872}.Debug|Any CPU.ActiveCfg = Debug|Any CPU
		{C2ED3363-A7B3-43A4-BC59-738C561C7872}.Debug|Any CPU.Build.0 = Debug|Any CPU
		{C2ED3363-A7B3-43A4-BC59-738C561C7872}.Release|Any CPU.ActiveCfg = Release|Any CPU
		{C2ED3363-A7B3-43A4-BC59-738C561C7872}.Release|Any CPU.Build.0 = Release|Any CPU
		{0C911350-41D7-483B-B46B-6C95431BA529}.Debug|Any CPU.ActiveCfg = Debug|Any CPU
		{0C911350-41D7-483B-B46B-6C95431BA529}.Debug|Any CPU.Build.0 = Debug|Any CPU
		{0C911350-41D7-483B-B46B-6C95431BA529}.Release|Any CPU.ActiveCfg = Release|Any CPU
		{0C911350-41D7-483B-B46B-6C95431BA529}.Release|Any CPU.Build.0 = Release|Any CPU
		{4ACAAD49-3FBF-4C65-A821-5FB887D63CAE}.Debug|Any CPU.ActiveCfg = Debug|Any CPU
		{4ACAAD49-3FBF-4C65-A821-5FB887D63CAE}.Debug|Any CPU.Build.0 = Debug|Any CPU
		{4ACAAD49-3FBF-4C65-A821-5FB887D63CAE}.Release|Any CPU.ActiveCfg = Release|Any CPU
		{4ACAAD49-3FBF-4C65-A821-5FB887D63CAE}.Release|Any CPU.Build.0 = Release|Any CPU
		{90142C51-281B-4662-80D4-E80378362AB2}.Debug|Any CPU.ActiveCfg = Debug|Any CPU
		{90142C51-281B-4662-80D4-E80378362AB2}.Debug|Any CPU.Build.0 = Debug|Any CPU
		{90142C51-281B-4662-80D4-E80378362AB2}.Release|Any CPU.ActiveCfg = Release|Any CPU
		{90142C51-281B-4662-80D4-E80378362AB2}.Release|Any CPU.Build.0 = Release|Any CPU
		{B1982B48-54F2-491D-9DEC-19173C7E8F6C}.Debug|Any CPU.ActiveCfg = Debug|Any CPU
		{B1982B48-54F2-491D-9DEC-19173C7E8F6C}.Debug|Any CPU.Build.0 = Debug|Any CPU
		{B1982B48-54F2-491D-9DEC-19173C7E8F6C}.Release|Any CPU.ActiveCfg = Release|Any CPU
		{B1982B48-54F2-491D-9DEC-19173C7E8F6C}.Release|Any CPU.Build.0 = Release|Any CPU
	EndGlobalSection
	GlobalSection(SolutionProperties) = preSolution
		HideSolutionNode = FALSE
	EndGlobalSection
	GlobalSection(ExtensibilityGlobals) = postSolution
		SolutionGuid = {DFC952FC-C69C-4B8B-A3E4-B2F2167E4BA8}
	EndGlobalSection
EndGlobal
